{
    "version": 3,
    "terraform_version": "0.11.8",
    "serial": 7,
    "lineage": "25329005-2d08-0dca-e98b-a70d28020a5e",
    "modules": [
        {
            "path": [
                "root"
            ],
            "outputs": {},
            "resources": {
                "google_container_cluster.k8s-test-cluster": {
                    "type": "google_container_cluster",
                    "depends_on": [],
                    "primary": {
                        "id": "k8s-cluster-test",
                        "attributes": {
                            "additional_zones.#": "0",
                            "addons_config.#": "1",
                            "addons_config.0.horizontal_pod_autoscaling.#": "0",
                            "addons_config.0.http_load_balancing.#": "0",
                            "addons_config.0.kubernetes_dashboard.#": "1",
                            "addons_config.0.kubernetes_dashboard.0.disabled": "true",
                            "addons_config.0.network_policy_config.#": "1",
                            "addons_config.0.network_policy_config.0.disabled": "true",
                            "cluster_autoscaling.#": "0",
                            "cluster_ipv4_cidr": "10.40.0.0/14",
                            "description": "",
                            "enable_kubernetes_alpha": "false",
                            "enable_legacy_abac": "false",
                            "endpoint": "34.77.243.74",
                            "id": "k8s-cluster-test",
                            "initial_node_count": "3",
                            "instance_group_urls.#": "1",
                            "instance_group_urls.0": "https://www.googleapis.com/compute/v1/projects/gcp-test-account/zones/europe-west1-c/instanceGroups/gke-k8s-cluster-test-default-pool-00ee6778-grp",
                            "ip_allocation_policy.#": "0",
                            "location": "europe-west1-c",
                            "logging_service": "logging.googleapis.com",
                            "maintenance_policy.#": "0",
                            "master_auth.#": "1",
                            "master_auth.0.client_certificate": "",
                            "master_auth.0.client_certificate_config.#": "1",
                            "master_auth.0.client_certificate_config.0.issue_client_certificate": "false",
                            "master_auth.0.client_key": "",
                            "master_auth.0.cluster_ca_certificate": "LS0tLS1CRUdJTiBDRVJUSUZJQ0FURS0tLS0tCk1JSURERENDQWZTZ0F3SUJBZ0lSQU5JN05NRWt1Z1lna0RmMGlhNDIwd1l3RFFZSktvWklodmNOQVFFTEJRQXcKTHpFdE1Dc0dBMVVFQXhNa01UY3lZV1F4T1RNdE4yVXlNaTAwTVRNMUxXSmxOelV0WXpneVlqZzJOamhoTWpCawpNQjRYRFRFNU1Ea3hPVEUzTkRBek5Gb1hEVEkwTURreE56RTROREF6TkZvd0x6RXRNQ3NHQTFVRUF4TWtNVGN5CllXUXhPVE10TjJVeU1pMDBNVE0xTFdKbE56VXRZemd5WWpnMk5qaGhNakJrTUlJQklqQU5CZ2txaGtpRzl3MEIKQVFFRkFBT0NBUThBTUlJQkNnS0NBUUVBeUZRNytiRnR1NzczUllFV1oyems2TkdWazhJWXBCUFlrYmlManNzdgpPc0JuMUY3ZVNXMExmS3lZREV3QlhhOGQ0NnNOSGVGb0VnV0FDbjJ0bFlXVHFLVDNFWDNIcnA3MjRncWg5VW5DCmYzNVBlVkJVcEVESmdXdnNiZ1psTDRUT3Y2bTFEQUFZQ2NyNXhqN1FYWHNEOENFTG1zdmhYR2p4NmVEV2hLNW8KMlkvekpER3g5b09VR2FhKzhwYisyODFBQUNXSWV3aG9rMmFmMUdVUU1JbUIvenAvcHM2eUJya0htbktZbmQyVQpXZmhpN1hkWTRQLzhBWkZhQ3lHRW5LenpSaUd0V01TOTcvWmgzUlBXYjVYVjNHR0kwWEFXVzVvZkRpTFZ3S0FHCkhnalVFOUdKVFo4Y29lWXVxZnpKZm1ob3ovZnJlbEZFWTBiajZnRHZzS0p0T3dJREFRQUJveU13SVRBT0JnTlYKSFE4QkFmOEVCQU1DQWdRd0R3WURWUjBUQVFIL0JBVXdBd0VCL3pBTkJna3Foa2lHOXcwQkFRc0ZBQU9DQVFFQQpWN043UVVKcHlNTWx1Ty9oV2svbUlnckxmek05V090SlViQzJtNXcrVytwSmFnVGNWV3REQUpGWU9UOEo2SFhhCk92QmhrbkJ2TXpNNHA5QlYwQnV6d3lYMiszVHkrd1Urdnloc1hqUEg2K1NHZmo5UHlXcm1IZy9NamF6YXpDY3kKQTFFeEo4YmdZMW1zMTdMRmM2OFV2K3VORXQzTGQ1ZU11a0JJdmlLNk04YTZ5c1Njd1VKbmZiYmJDbHNPTXcycApoa3ZaSTBtRG9TNTlhMVhQQUxtcHBsbnJwbHhTZWNhZ0RNL0VML0dVSDNNa3owS1NURExmemI0UE9aM3Rja3RUCkNqNm05WStuZGhvWEJVbGpaWGdKeStRRFVoMGx5ckFDQkRncVpGaHMweGk5ellHVEJNWGU0L3B3QWtiaWNYVFQKUXhpcFFNM3hndHVYRnRNZXNMWTVPUT09Ci0tLS0tRU5EIENFUlRJRklDQVRFLS0tLS0K",
                            "master_auth.0.password": "",
                            "master_auth.0.username": "",
                            "master_authorized_networks_config.#": "0",
                            "master_version": "1.13.7-gke.8",
                            "monitoring_service": "monitoring.googleapis.com",
                            "name": "k8s-cluster-test",
                            "network": "projects/gcp-test-account/global/networks/default",
                            "network_policy.#": "1",
                            "network_policy.0.enabled": "false",
                            "network_policy.0.provider": "PROVIDER_UNSPECIFIED",
                            "node_config.#": "1",
                            "node_config.0.disk_size_gb": "100",
                            "node_config.0.disk_type": "pd-standard",
                            "node_config.0.guest_accelerator.#": "0",
                            "node_config.0.image_type": "COS",
                            "node_config.0.labels.%": "0",
                            "node_config.0.local_ssd_count": "0",
                            "node_config.0.machine_type": "n1-standard-1",
                            "node_config.0.metadata.%": "1",
                            "node_config.0.metadata.disable-legacy-endpoints": "true",
                            "node_config.0.min_cpu_platform": "",
                            "node_config.0.oauth_scopes.#": "6",
                            "node_config.0.oauth_scopes.1277378754": "https://www.googleapis.com/auth/monitoring",
                            "node_config.0.oauth_scopes.1632638332": "https://www.googleapis.com/auth/devstorage.read_only",
                            "node_config.0.oauth_scopes.172152165": "https://www.googleapis.com/auth/logging.write",
                            "node_config.0.oauth_scopes.316356861": "https://www.googleapis.com/auth/service.management.readonly",
                            "node_config.0.oauth_scopes.3663490875": "https://www.googleapis.com/auth/servicecontrol",
                            "node_config.0.oauth_scopes.3859019814": "https://www.googleapis.com/auth/trace.append",
                            "node_config.0.preemptible": "false",
                            "node_config.0.sandbox_config.#": "0",
                            "node_config.0.service_account": "default",
                            "node_config.0.tags.#": "0",
                            "node_config.0.taint.#": "0",
                            "node_config.0.workload_metadata_config.#": "0",
                            "node_locations.#": "0",
                            "node_pool.#": "1",
                            "node_pool.0.autoscaling.#": "0",
                            "node_pool.0.initial_node_count": "3",
                            "node_pool.0.instance_group_urls.#": "1",
                            "node_pool.0.instance_group_urls.0": "https://www.googleapis.com/compute/v1/projects/gcp-test-account/zones/europe-west1-c/instanceGroupManagers/gke-k8s-cluster-test-default-pool-00ee6778-grp",
                            "node_pool.0.management.#": "1",
                            "node_pool.0.management.0.auto_repair": "false",
                            "node_pool.0.management.0.auto_upgrade": "false",
                            "node_pool.0.max_pods_per_node": "0",
                            "node_pool.0.name": "default-pool",
                            "node_pool.0.name_prefix": "",
                            "node_pool.0.node_config.#": "1",
                            "node_pool.0.node_config.0.disk_size_gb": "100",
                            "node_pool.0.node_config.0.disk_type": "pd-standard",
                            "node_pool.0.node_config.0.guest_accelerator.#": "0",
                            "node_pool.0.node_config.0.image_type": "COS",
                            "node_pool.0.node_config.0.labels.%": "0",
                            "node_pool.0.node_config.0.local_ssd_count": "0",
                            "node_pool.0.node_config.0.machine_type": "n1-standard-1",
                            "node_pool.0.node_config.0.metadata.%": "1",
                            "node_pool.0.node_config.0.metadata.disable-legacy-endpoints": "true",
                            "node_pool.0.node_config.0.min_cpu_platform": "",
                            "node_pool.0.node_config.0.oauth_scopes.#": "6",
                            "node_pool.0.node_config.0.oauth_scopes.1277378754": "https://www.googleapis.com/auth/monitoring",
                            "node_pool.0.node_config.0.oauth_scopes.1632638332": "https://www.googleapis.com/auth/devstorage.read_only",
                            "node_pool.0.node_config.0.oauth_scopes.172152165": "https://www.googleapis.com/auth/logging.write",
                            "node_pool.0.node_config.0.oauth_scopes.316356861": "https://www.googleapis.com/auth/service.management.readonly",
                            "node_pool.0.node_config.0.oauth_scopes.3663490875": "https://www.googleapis.com/auth/servicecontrol",
                            "node_pool.0.node_config.0.oauth_scopes.3859019814": "https://www.googleapis.com/auth/trace.append",
                            "node_pool.0.node_config.0.preemptible": "false",
                            "node_pool.0.node_config.0.sandbox_config.#": "0",
                            "node_pool.0.node_config.0.service_account": "default",
                            "node_pool.0.node_config.0.tags.#": "0",
                            "node_pool.0.node_config.0.taint.#": "0",
                            "node_pool.0.node_config.0.workload_metadata_config.#": "0",
                            "node_pool.0.node_count": "3",
                            "node_pool.0.version": "1.13.7-gke.8",
                            "node_version": "1.13.7-gke.8",
                            "private_cluster_config.#": "0",
                            "project": "gcp-test-account",
                            "resource_labels.%": "0",
                            "services_ipv4_cidr": "10.43.240.0/20",
                            "subnetwork": "projects/gcp-test-account/regions/europe-west1/subnetworks/default",
                            "zone": "europe-west1-c"
                        },
                        "meta": {
                            "e2bfb730-ecaa-11e6-8f88-34363bc7c4c0": {
                                "create": 1800000000000,
                                "delete": 1800000000000,
                                "update": 3600000000000
                            },
                            "schema_version": "1"
                        },
                        "tainted": false
                    },
                    "deposed": [],
                    "provider": "provider.google"
                }
            },
            "depends_on": []
        }
    ]
}
